// !$*UTF8*$!
{
	archiveVersion = 1;
	classes = {
	};
	objectVersion = 46;
	objects = {

/* Begin PBXBuildFile section */
		1AC8517D3A6008E8599D8C49 /* Pods_TweetsByX.framework in Frameworks */ = {isa = PBXBuildFile; fileRef = 7532A35F0A7984ABB8F83FA3 /* Pods_TweetsByX.framework */; };
		8C4364221E80F3C3004FDEA4 /* HomeViewModel.swift in Sources */ = {isa = PBXBuildFile; fileRef = 8C4364211E80F3C3004FDEA4 /* HomeViewModel.swift */; };
		8C4364241E80F78D004FDEA4 /* Constants.swift in Sources */ = {isa = PBXBuildFile; fileRef = 8C4364231E80F78D004FDEA4 /* Constants.swift */; };
		8C4364261E8129A0004FDEA4 /* Tweet.swift in Sources */ = {isa = PBXBuildFile; fileRef = 8C4364251E8129A0004FDEA4 /* Tweet.swift */; };
		8C43642A1E8130C1004FDEA4 /* TweetTableViewCell.swift in Sources */ = {isa = PBXBuildFile; fileRef = 8C4364281E8130C1004FDEA4 /* TweetTableViewCell.swift */; };
		8C43642B1E8130C1004FDEA4 /* TweetTableViewCell.xib in Resources */ = {isa = PBXBuildFile; fileRef = 8C4364291E8130C1004FDEA4 /* TweetTableViewCell.xib */; };
		8C50B6751E7FB28400127273 /* AppDelegate.swift in Sources */ = {isa = PBXBuildFile; fileRef = 8C50B6741E7FB28400127273 /* AppDelegate.swift */; };
		8C50B6771E7FB28400127273 /* HomeViewController.swift in Sources */ = {isa = PBXBuildFile; fileRef = 8C50B6761E7FB28400127273 /* HomeViewController.swift */; };
		8C50B67A1E7FB28400127273 /* Main.storyboard in Resources */ = {isa = PBXBuildFile; fileRef = 8C50B6781E7FB28400127273 /* Main.storyboard */; };
		8C50B67C1E7FB28400127273 /* Assets.xcassets in Resources */ = {isa = PBXBuildFile; fileRef = 8C50B67B1E7FB28400127273 /* Assets.xcassets */; };
		8C50B67F1E7FB28400127273 /* LaunchScreen.storyboard in Resources */ = {isa = PBXBuildFile; fileRef = 8C50B67D1E7FB28400127273 /* LaunchScreen.storyboard */; };
		8C50B6871E7FB42800127273 /* APIController.swift in Sources */ = {isa = PBXBuildFile; fileRef = 8C50B6861E7FB42800127273 /* APIController.swift */; };
/* End PBXBuildFile section */

/* Begin PBXFileReference section */
		093E88468EA5895367C29B16 /* Pods-TweetsByX.debug.xcconfig */ = {isa = PBXFileReference; includeInIndex = 1; lastKnownFileType = text.xcconfig; name = "Pods-TweetsByX.debug.xcconfig"; path = "Pods/Target Support Files/Pods-TweetsByX/Pods-TweetsByX.debug.xcconfig"; sourceTree = "<group>"; };
		7532A35F0A7984ABB8F83FA3 /* Pods_TweetsByX.framework */ = {isa = PBXFileReference; explicitFileType = wrapper.framework; includeInIndex = 0; path = Pods_TweetsByX.framework; sourceTree = BUILT_PRODUCTS_DIR; };
		8C4364211E80F3C3004FDEA4 /* HomeViewModel.swift */ = {isa = PBXFileReference; fileEncoding = 4; lastKnownFileType = sourcecode.swift; name = HomeViewModel.swift; path = ViewModels/HomeViewModel.swift; sourceTree = "<group>"; };
		8C4364231E80F78D004FDEA4 /* Constants.swift */ = {isa = PBXFileReference; fileEncoding = 4; lastKnownFileType = sourcecode.swift; name = Constants.swift; path = Util/Constants.swift; sourceTree = "<group>"; };
		8C4364251E8129A0004FDEA4 /* Tweet.swift */ = {isa = PBXFileReference; fileEncoding = 4; lastKnownFileType = sourcecode.swift; name = Tweet.swift; path = Models/Tweet.swift; sourceTree = "<group>"; };
		8C4364281E8130C1004FDEA4 /* TweetTableViewCell.swift */ = {isa = PBXFileReference; fileEncoding = 4; lastKnownFileType = sourcecode.swift; name = TweetTableViewCell.swift; path = Views/TweetTableViewCell.swift; sourceTree = "<group>"; };
		8C4364291E8130C1004FDEA4 /* TweetTableViewCell.xib */ = {isa = PBXFileReference; fileEncoding = 4; lastKnownFileType = file.xib; name = TweetTableViewCell.xib; path = Views/TweetTableViewCell.xib; sourceTree = "<group>"; };
		8C50B6711E7FB28400127273 /* TweetsByX.app */ = {isa = PBXFileReference; explicitFileType = wrapper.application; includeInIndex = 0; path = TweetsByX.app; sourceTree = BUILT_PRODUCTS_DIR; };
		8C50B6741E7FB28400127273 /* AppDelegate.swift */ = {isa = PBXFileReference; lastKnownFileType = sourcecode.swift; path = AppDelegate.swift; sourceTree = "<group>"; };
		8C50B6761E7FB28400127273 /* HomeViewController.swift */ = {isa = PBXFileReference; lastKnownFileType = sourcecode.swift; path = HomeViewController.swift; sourceTree = "<group>"; };
		8C50B6791E7FB28400127273 /* Base */ = {isa = PBXFileReference; lastKnownFileType = file.storyboard; name = Base; path = Base.lproj/Main.storyboard; sourceTree = "<group>"; };
		8C50B67B1E7FB28400127273 /* Assets.xcassets */ = {isa = PBXFileReference; lastKnownFileType = folder.assetcatalog; path = Assets.xcassets; sourceTree = "<group>"; };
		8C50B67E1E7FB28400127273 /* Base */ = {isa = PBXFileReference; lastKnownFileType = file.storyboard; name = Base; path = Base.lproj/LaunchScreen.storyboard; sourceTree = "<group>"; };
		8C50B6801E7FB28400127273 /* Info.plist */ = {isa = PBXFileReference; lastKnownFileType = text.plist.xml; path = Info.plist; sourceTree = "<group>"; };
		8C50B6861E7FB42800127273 /* APIController.swift */ = {isa = PBXFileReference; fileEncoding = 4; lastKnownFileType = sourcecode.swift; name = APIController.swift; path = Util/APIController.swift; sourceTree = "<group>"; };
		A0D143C16DB2DBA5C372271D /* Pods-TweetsByX.release.xcconfig */ = {isa = PBXFileReference; includeInIndex = 1; lastKnownFileType = text.xcconfig; name = "Pods-TweetsByX.release.xcconfig"; path = "Pods/Target Support Files/Pods-TweetsByX/Pods-TweetsByX.release.xcconfig"; sourceTree = "<group>"; };
/* End PBXFileReference section */

/* Begin PBXFrameworksBuildPhase section */
		8C50B66E1E7FB28400127273 /* Frameworks */ = {
			isa = PBXFrameworksBuildPhase;
			buildActionMask = 2147483647;
			files = (
				1AC8517D3A6008E8599D8C49 /* Pods_TweetsByX.framework in Frameworks */,
			);
			runOnlyForDeploymentPostprocessing = 0;
		};
/* End PBXFrameworksBuildPhase section */

/* Begin PBXGroup section */
		692121F6A221F2D137BF9CFD /* Frameworks */ = {
			isa = PBXGroup;
			children = (
				7532A35F0A7984ABB8F83FA3 /* Pods_TweetsByX.framework */,
			);
			name = Frameworks;
			sourceTree = "<group>";
		};
		8C4364271E81306D004FDEA4 /* Models */ = {
			isa = PBXGroup;
			children = (
				8C4364251E8129A0004FDEA4 /* Tweet.swift */,
			);
			name = Models;
			sourceTree = "<group>";
		};
		8C43642C1E8130C6004FDEA4 /* Views */ = {
			isa = PBXGroup;
			children = (
				8C4364281E8130C1004FDEA4 /* TweetTableViewCell.swift */,
				8C4364291E8130C1004FDEA4 /* TweetTableViewCell.xib */,
			);
			name = Views;
			sourceTree = "<group>";
		};
		8C50B6681E7FB28400127273 = {
			isa = PBXGroup;
			children = (
				8C50B6731E7FB28400127273 /* TweetsByX */,
				8C50B6721E7FB28400127273 /* Products */,
				A76C2B532AE028D02AED7061 /* Pods */,
				692121F6A221F2D137BF9CFD /* Frameworks */,
			);
			sourceTree = "<group>";
		};
		8C50B6721E7FB28400127273 /* Products */ = {
			isa = PBXGroup;
			children = (
				8C50B6711E7FB28400127273 /* TweetsByX.app */,
			);
			name = Products;
			sourceTree = "<group>";
		};
		8C50B6731E7FB28400127273 /* TweetsByX */ = {
			isa = PBXGroup;
			children = (
				8C4364271E81306D004FDEA4 /* Models */,
				8C43642C1E8130C6004FDEA4 /* Views */,
				8C50B6881E7FB43300127273 /* Util */,
				8C50B6741E7FB28400127273 /* AppDelegate.swift */,
				8C50B6761E7FB28400127273 /* HomeViewController.swift */,
				8C4364211E80F3C3004FDEA4 /* HomeViewModel.swift */,
				8C50B6781E7FB28400127273 /* Main.storyboard */,
				8C50B67B1E7FB28400127273 /* Assets.xcassets */,
				8C50B67D1E7FB28400127273 /* LaunchScreen.storyboard */,
				8C50B6801E7FB28400127273 /* Info.plist */,
			);
			path = TweetsByX;
			sourceTree = "<group>";
		};
		8C50B6881E7FB43300127273 /* Util */ = {
			isa = PBXGroup;
			children = (
				8C50B6861E7FB42800127273 /* APIController.swift */,
				8C4364231E80F78D004FDEA4 /* Constants.swift */,
			);
			name = Util;
			sourceTree = "<group>";
		};
		A76C2B532AE028D02AED7061 /* Pods */ = {
			isa = PBXGroup;
			children = (
				093E88468EA5895367C29B16 /* Pods-TweetsByX.debug.xcconfig */,
				A0D143C16DB2DBA5C372271D /* Pods-TweetsByX.release.xcconfig */,
			);
			name = Pods;
			sourceTree = "<group>";
		};
/* End PBXGroup section */

/* Begin PBXNativeTarget section */
		8C50B6701E7FB28400127273 /* TweetsByX */ = {
			isa = PBXNativeTarget;
			buildConfigurationList = 8C50B6831E7FB28400127273 /* Build configuration list for PBXNativeTarget "TweetsByX" */;
			buildPhases = (
				D848B3EAEBD0D6F10F58E9EF /* [CP] Check Pods Manifest.lock */,
				8C50B66D1E7FB28400127273 /* Sources */,
				8C50B66E1E7FB28400127273 /* Frameworks */,
				8C50B66F1E7FB28400127273 /* Resources */,
				CF07653B5D5EBD444712C114 /* [CP] Embed Pods Frameworks */,
				E40B2E4F8FEF1BAC369A9380 /* [CP] Copy Pods Resources */,
			);
			buildRules = (
			);
			dependencies = (
			);
			name = TweetsByX;
			productName = TweetsByX;
			productReference = 8C50B6711E7FB28400127273 /* TweetsByX.app */;
			productType = "com.apple.product-type.application";
		};
/* End PBXNativeTarget section */

/* Begin PBXProject section */
		8C50B6691E7FB28400127273 /* Project object */ = {
			isa = PBXProject;
			attributes = {
				LastSwiftUpdateCheck = 0820;
				LastUpgradeCheck = 0820;
				ORGANIZATIONNAME = mohonish;
				TargetAttributes = {
					8C50B6701E7FB28400127273 = {
						CreatedOnToolsVersion = 8.2.1;
						DevelopmentTeam = AC5KV8CUQY;
						ProvisioningStyle = Automatic;
					};
				};
			};
			buildConfigurationList = 8C50B66C1E7FB28400127273 /* Build configuration list for PBXProject "TweetsByX" */;
			compatibilityVersion = "Xcode 3.2";
			developmentRegion = English;
			hasScannedForEncodings = 0;
			knownRegions = (
				en,
				Base,
			);
			mainGroup = 8C50B6681E7FB28400127273;
			productRefGroup = 8C50B6721E7FB28400127273 /* Products */;
			projectDirPath = "";
			projectRoot = "";
			targets = (
				8C50B6701E7FB28400127273 /* TweetsByX */,
			);
		};
/* End PBXProject section */

/* Begin PBXResourcesBuildPhase section */
		8C50B66F1E7FB28400127273 /* Resources */ = {
			isa = PBXResourcesBuildPhase;
			buildActionMask = 2147483647;
			files = (
				8C50B67F1E7FB28400127273 /* LaunchScreen.storyboard in Resources */,
				8C50B67C1E7FB28400127273 /* Assets.xcassets in Resources */,
				8C50B67A1E7FB28400127273 /* Main.storyboard in Resources */,
				8C43642B1E8130C1004FDEA4 /* TweetTableViewCell.xib in Resources */,
			);
			runOnlyForDeploymentPostprocessing = 0;
		};
/* End PBXResourcesBuildPhase section */

/* Begin PBXShellScriptBuildPhase section */
		CF07653B5D5EBD444712C114 /* [CP] Embed Pods Frameworks */ = {
			isa = PBXShellScriptBuildPhase;
			buildActionMask = 2147483647;
			files = (
			);
			inputPaths = (
			);
			name = "[CP] Embed Pods Frameworks";
			outputPaths = (
			);
			runOnlyForDeploymentPostprocessing = 0;
			shellPath = /bin/sh;
			shellScript = "\"${SRCROOT}/Pods/Target Support Files/Pods-TweetsByX/Pods-TweetsByX-frameworks.sh\"\n";
			showEnvVarsInLog = 0;
		};
		D848B3EAEBD0D6F10F58E9EF /* [CP] Check Pods Manifest.lock */ = {
			isa = PBXShellScriptBuildPhase;
			buildActionMask = 2147483647;
			files = (
			);
			inputPaths = (
			);
			name = "[CP] Check Pods Manifest.lock";
			outputPaths = (
			);
			runOnlyForDeploymentPostprocessing = 0;
			shellPath = /bin/sh;
			shellScript = "diff \"${PODS_ROOT}/../Podfile.lock\" \"${PODS_ROOT}/Manifest.lock\" > /dev/null\nif [ $? != 0 ] ; then\n    # print error to STDERR\n    echo \"error: The sandbox is not in sync with the Podfile.lock. Run 'pod install' or update your CocoaPods installation.\" >&2\n    exit 1\nfi\n";
			showEnvVarsInLog = 0;
		};
		E40B2E4F8FEF1BAC369A9380 /* [CP] Copy Pods Resources */ = {
			isa = PBXShellScriptBuildPhase;
			buildActionMask = 2147483647;
			files = (
			);
			inputPaths = (
			);
			name = "[CP] Copy Pods Resources";
			outputPaths = (
			);
			runOnlyForDeploymentPostprocessing = 0;
			shellPath = /bin/sh;
			shellScript = "\"${SRCROOT}/Pods/Target Support Files/Pods-TweetsByX/Pods-TweetsByX-resources.sh\"\n";
			showEnvVarsInLog = 0;
		};
/* End PBXShellScriptBuildPhase section */

/* Begin PBXSourcesBuildPhase section */
		8C50B66D1E7FB28400127273 /* Sources */ = {
			isa = PBXSourcesBuildPhase;
			buildActionMask = 2147483647;
			files = (
				8C4364241E80F78D004FDEA4 /* Constants.swift in Sources */,
				8C50B6771E7FB28400127273 /* HomeViewController.swift in Sources */,
				8C50B6751E7FB28400127273 /* AppDelegate.swift in Sources */,
				8C4364261E8129A0004FDEA4 /* Tweet.swift in Sources */,
				8C50B6871E7FB42800127273 /* APIController.swift in Sources */,
				8C4364221E80F3C3004FDEA4 /* HomeViewModel.swift in Sources */,
				8C43642A1E8130C1004FDEA4 /* TweetTableViewCell.swift in Sources */,
			);
			runOnlyForDeploymentPostprocessing = 0;
		};
/* End PBXSourcesBuildPhase section */

/* Begin PBXVariantGroup section */
		8C50B6781E7FB28400127273 /* Main.storyboard */ = {
			isa = PBXVariantGroup;
			children = (
				8C50B6791E7FB28400127273 /* Base */,
			);
			name = Main.storyboard;
			sourceTree = "<group>";
		};
		8C50B67D1E7FB28400127273 /* LaunchScreen.storyboard */ = {
			isa = PBXVariantGroup;
			children = (
				8C50B67E1E7FB28400127273 /* Base */,
			);
			name = LaunchScreen.storyboard;
			sourceTree = "<group>";
		};
/* End PBXVariantGroup section */

/* Begin XCBuildConfiguration section */
		8C50B6811E7FB28400127273 /* Debug */ = {
			isa = XCBuildConfiguration;
			buildSettings = {
				ALWAYS_SEARCH_USER_PATHS = NO;
				CLANG_ANALYZER_NONNULL = YES;
				CLANG_CXX_LANGUAGE_STANDARD = "gnu++0x";
				CLANG_CXX_LIBRARY = "libc++";
				CLANG_ENABLE_MODULES = YES;
				CLANG_ENABLE_OBJC_ARC = YES;
				CLANG_WARN_BOOL_CONVERSION = YES;
				CLANG_WARN_CONSTANT_CONVERSION = YES;
				CLANG_WARN_DIRECT_OBJC_ISA_USAGE = YES_ERROR;
				CLANG_WARN_DOCUMENTATION_COMMENTS = YES;
				CLANG_WARN_EMPTY_BODY = YES;
				CLANG_WARN_ENUM_CONVERSION = YES;
				CLANG_WARN_INFINITE_RECURSION = YES;
				CLANG_WARN_INT_CONVERSION = YES;
				CLANG_WARN_OBJC_ROOT_CLASS = YES_ERROR;
				CLANG_WARN_SUSPICIOUS_MOVE = YES;
				CLANG_WARN_UNREACHABLE_CODE = YES;
				CLANG_WARN__DUPLICATE_METHOD_MATCH = YES;
				"CODE_SIGN_IDENTITY[sdk=iphoneos*]" = "iPhone Developer";
				COPY_PHASE_STRIP = NO;
				DEBUG_INFORMATION_FORMAT = dwarf;
				ENABLE_STRICT_OBJC_MSGSEND = YES;
				ENABLE_TESTABILITY = YES;
				GCC_C_LANGUAGE_STANDARD = gnu99;
				GCC_DYNAMIC_NO_PIC = NO;
				GCC_NO_COMMON_BLOCKS = YES;
				GCC_OPTIMIZATION_LEVEL = 0;
				GCC_PREPROCESSOR_DEFINITIONS = (
					"DEBUG=1",
					"$(inherited)",
				);
				GCC_WARN_64_TO_32_BIT_CONVERSION = YES;
				GCC_WARN_ABOUT_RETURN_TYPE = YES_ERROR;
				GCC_WARN_UNDECLARED_SELECTOR = YES;
				GCC_WARN_UNINITIALIZED_AUTOS = YES_AGGRESSIVE;
				GCC_WARN_UNUSED_FUNCTION = YES;
				GCC_WARN_UNUSED_VARIABLE = YES;
				IPHONEOS_DEPLOYMENT_TARGET = 10.2;
				MTL_ENABLE_DEBUG_INFO = YES;
				ONLY_ACTIVE_ARCH = YES;
				SDKROOT = iphoneos;
				SWIFT_ACTIVE_COMPILATION_CONDITIONS = DEBUG;
				SWIFT_OPTIMIZATION_LEVEL = "-Onone";
				TARGETED_DEVICE_FAMILY = "1,2";
			};
			name = Debug;
		};
		8C50B6821E7FB28400127273 /* Release */ = {
			isa = XCBuildConfiguration;
			buildSettings = {
				ALWAYS_SEARCH_USER_PATHS = NO;
				CLANG_ANALYZER_NONNULL = YES;
				CLANG_CXX_LANGUAGE_STANDARD = "gnu++0x";
				CLANG_CXX_LIBRARY = "libc++";
				CLANG_ENABLE_MODULES = YES;
				CLANG_ENABLE_OBJC_ARC = YES;
				CLANG_WARN_BOOL_CONVERSION = YES;
				CLANG_WARN_CONSTANT_CONVERSION = YES;
				CLANG_WARN_DIRECT_OBJC_ISA_USAGE = YES_ERROR;
				CLANG_WARN_DOCUMENTATION_COMMENTS = YES;
				CLANG_WARN_EMPTY_BODY = YES;
				CLANG_WARN_ENUM_CONVERSION = YES;
				CLANG_WARN_INFINITE_RECURSION = YES;
				CLANG_WARN_INT_CONVERSION = YES;
				CLANG_WARN_OBJC_ROOT_CLASS = YES_ERROR;
				CLANG_WARN_SUSPICIOUS_MOVE = YES;
				CLANG_WARN_UNREACHABLE_CODE = YES;
				CLANG_WARN__DUPLICATE_METHOD_MATCH = YES;
				"CODE_SIGN_IDENTITY[sdk=iphoneos*]" = "iPhone Developer";
				COPY_PHASE_STRIP = NO;
				DEBUG_INFORMATION_FORMAT = "dwarf-with-dsym";
				ENABLE_NS_ASSERTIONS = NO;
				ENABLE_STRICT_OBJC_MSGSEND = YES;
				GCC_C_LANGUAGE_STANDARD = gnu99;
				GCC_NO_COMMON_BLOCKS = YES;
				GCC_WARN_64_TO_32_BIT_CONVERSION = YES;
				GCC_WARN_ABOUT_RETURN_TYPE = YES_ERROR;
				GCC_WARN_UNDECLARED_SELECTOR = YES;
				GCC_WARN_UNINITIALIZED_AUTOS = YES_AGGRESSIVE;
				GCC_WARN_UNUSED_FUNCTION = YES;
				GCC_WARN_UNUSED_VARIABLE = YES;
				IPHONEOS_DEPLOYMENT_TARGET = 10.2;
				MTL_ENABLE_DEBUG_INFO = NO;
				SDKROOT = iphoneos;
				SWIFT_OPTIMIZATION_LEVEL = "-Owholemodule";
				TARGETED_DEVICE_FAMILY = "1,2";
				VALIDATE_PRODUCT = YES;
			};
			name = Release;
		};
		8C50B6841E7FB28400127273 /* Debug */ = {
			isa = XCBuildConfiguration;
			baseConfigurationReference = 093E88468EA5895367C29B16 /* Pods-TweetsByX.debug.xcconfig */;
			buildSettings = {
				ASSETCATALOG_COMPILER_APPICON_NAME = AppIcon;
				DEVELOPMENT_TEAM = AC5KV8CUQY;
				INFOPLIST_FILE = TweetsByX/Info.plist;
				LD_RUNPATH_SEARCH_PATHS = "$(inherited) @executable_path/Frameworks";
				PRODUCT_BUNDLE_IDENTIFIER = com.mohonish.TweetsByX;
				PRODUCT_NAME = "$(TARGET_NAME)";
				SWIFT_VERSION = 3.0;
			};
			name = Debug;
		};
		8C50B6851E7FB28400127273 /* Release */ = {
			isa = XCBuildConfiguration;
			baseConfigurationReference = A0D143C16DB2DBA5C372271D /* Pods-TweetsByX.release.xcconfig */;
			buildSettings = {
				ASSETCATALOG_COMPILER_APPICON_NAME = AppIcon;
				DEVELOPMENT_TEAM = AC5KV8CUQY;
				INFOPLIST_FILE = TweetsByX/Info.plist;
				LD_RUNPATH_SEARCH_PATHS = "$(inherited) @executable_path/Frameworks";
				PRODUCT_BUNDLE_IDENTIFIER = com.mohonish.TweetsByX;
				PRODUCT_NAME = "$(TARGET_NAME)";
				SWIFT_VERSION = 3.0;
			};
			name = Release;
		};
/* End XCBuildConfiguration section */

/* Begin XCConfigurationList section */
		8C50B66C1E7FB28400127273 /* Build configuration list for PBXProject "TweetsByX" */ = {
			isa = XCConfigurationList;
			buildConfigurations = (
				8C50B6811E7FB28400127273 /* Debug */,
				8C50B6821E7FB28400127273 /* Release */,
			);
			defaultConfigurationIsVisible = 0;
			defaultConfigurationName = Release;
		};
		8C50B6831E7FB28400127273 /* Build configuration list for PBXNativeTarget "TweetsByX" */ = {
			isa = XCConfigurationList;
			buildConfigurations = (
				8C50B6841E7FB28400127273 /* Debug */,
				8C50B6851E7FB28400127273 /* Release */,
			);
			defaultConfigurationIsVisible = 0;
			defaultConfigurationName = Release;
		};
/* End XCConfigurationList section */
	};
	rootObject = 8C50B6691E7FB28400127273 /* Project object */;
}
